// !$*UTF8*$!
{
	archiveVersion = 1;
	classes = {
	};
	objectVersion = 46;
	objects = {

/* Begin PBXBuildFile section */
		575C57741E69155D0032CA48 /* StickerPackExtension.appex in Embed App Extensions */ = {isa = PBXBuildFile; fileRef = 575C57731E69155D0032CA48 /* StickerPackExtension.appex */; settings = {ATTRIBUTES = (RemoveHeadersOnCopy, ); }; };
		575C57781E69155D0032CA48 /* Stickers.xcstickers in Resources */ = {isa = PBXBuildFile; fileRef = 575C57771E69155D0032CA48 /* Stickers.xcstickers */; };
		575C57791E69155D0032CA48 /* Stickers.xcstickers in Resources */ = {isa = PBXBuildFile; fileRef = 575C57771E69155D0032CA48 /* Stickers.xcstickers */; };
/* End PBXBuildFile section */

/* Begin PBXContainerItemProxy section */
		575C57751E69155D0032CA48 /* PBXContainerItemProxy */ = {
			isa = PBXContainerItemProxy;
			containerPortal = 575C57691E69155C0032CA48 /* Project object */;
			proxyType = 1;
			remoteGlobalIDString = 575C57721E69155D0032CA48;
			remoteInfo = StickerPackExtension;
		};
/* End PBXContainerItemProxy section */

/* Begin PBXCopyFilesBuildPhase section */
		575C577F1E69155D0032CA48 /* Embed App Extensions */ = {
			isa = PBXCopyFilesBuildPhase;
			buildActionMask = 2147483647;
			dstPath = "";
			dstSubfolderSpec = 13;
			files = (
				575C57741E69155D0032CA48 /* StickerPackExtension.appex in Embed App Extensions */,
			);
			name = "Embed App Extensions";
			runOnlyForDeploymentPostprocessing = 0;
		};
/* End PBXCopyFilesBuildPhase section */

/* Begin PBXFileReference section */
		575C576F1E69155D0032CA48 /* AnaSolStickerPack.app */ = {isa = PBXFileReference; explicitFileType = wrapper.application; includeInIndex = 0; path = AnaSolStickerPack.app; sourceTree = BUILT_PRODUCTS_DIR; };
		575C57731E69155D0032CA48 /* StickerPackExtension.appex */ = {isa = PBXFileReference; explicitFileType = "wrapper.app-extension"; includeInIndex = 0; path = StickerPackExtension.appex; sourceTree = BUILT_PRODUCTS_DIR; };
		575C57771E69155D0032CA48 /* Stickers.xcstickers */ = {isa = PBXFileReference; lastKnownFileType = folder.stickers; name = Stickers.xcstickers; path = StickerPackExtension/Stickers.xcstickers; sourceTree = "<group>"; };
/* End PBXFileReference section */

/* Begin PBXGroup section */
		575C57681E69155C0032CA48 = {
			isa = PBXGroup;
			children = (
				575C57771E69155D0032CA48 /* Stickers.xcstickers */,
				575C57701E69155D0032CA48 /* Products */,
			);
			sourceTree = "<group>";
		};
		575C57701E69155D0032CA48 /* Products */ = {
			isa = PBXGroup;
			children = (
				575C576F1E69155D0032CA48 /* AnaSolStickerPack.app */,
				575C57731E69155D0032CA48 /* StickerPackExtension.appex */,
			);
			name = Products;
			sourceTree = "<group>";
		};
/* End PBXGroup section */

/* Begin PBXNativeTarget section */
		575C576E1E69155D0032CA48 /* AnaSolStickerPack */ = {
			isa = PBXNativeTarget;
			buildConfigurationList = 575C57801E69155D0032CA48 /* Build configuration list for PBXNativeTarget "AnaSolStickerPack" */;
			buildPhases = (
				575C576D1E69155D0032CA48 /* Resources */,
				575C577F1E69155D0032CA48 /* Embed App Extensions */,
			);
			buildRules = (
			);
			dependencies = (
				575C57761E69155D0032CA48 /* PBXTargetDependency */,
			);
			name = AnaSolStickerPack;
			productName = AnaSolStickerPack;
			productReference = 575C576F1E69155D0032CA48 /* AnaSolStickerPack.app */;
			productType = "com.apple.product-type.application.messages";
		};
		575C57721E69155D0032CA48 /* StickerPackExtension */ = {
			isa = PBXNativeTarget;
			buildConfigurationList = 575C577C1E69155D0032CA48 /* Build configuration list for PBXNativeTarget "StickerPackExtension" */;
			buildPhases = (
				575C57711E69155D0032CA48 /* Resources */,
			);
			buildRules = (
			);
			dependencies = (
			);
			name = StickerPackExtension;
			productName = StickerPackExtension;
			productReference = 575C57731E69155D0032CA48 /* StickerPackExtension.appex */;
			productType = "com.apple.product-type.app-extension.messages-sticker-pack";
		};
/* End PBXNativeTarget section */

/* Begin PBXProject section */
		575C57691E69155C0032CA48 /* Project object */ = {
			isa = PBXProject;
			attributes = {
				LastUpgradeCheck = 0820;
				ORGANIZATIONNAME = "Dan Patey";
				TargetAttributes = {
					575C576E1E69155D0032CA48 = {
						CreatedOnToolsVersion = 8.2.1;
						DevelopmentTeam = U6J9N2F6E2;
						ProvisioningStyle = Automatic;
					};
					575C57721E69155D0032CA48 = {
						CreatedOnToolsVersion = 8.2.1;
						DevelopmentTeam = U6J9N2F6E2;
						ProvisioningStyle = Automatic;
					};
				};
			};
			buildConfigurationList = 575C576C1E69155C0032CA48 /* Build configuration list for PBXProject "AnaSolStickerPack" */;
			compatibilityVersion = "Xcode 3.2";
			developmentRegion = English;
			hasScannedForEncodings = 0;
			knownRegions = (
				en,
			);
			mainGroup = 575C57681E69155C0032CA48;
			productRefGroup = 575C57701E69155D0032CA48 /* Products */;
			projectDirPath = "";
			projectRoot = "";
			targets = (
				575C576E1E69155D0032CA48 /* AnaSolStickerPack */,
				575C57721E69155D0032CA48 /* StickerPackExtension */,
			);
		};
/* End PBXProject section */

/* Begin PBXResourcesBuildPhase section */
		575C576D1E69155D0032CA48 /* Resources */ = {
			isa = PBXResourcesBuildPhase;
			buildActionMask = 2147483647;
			files = (
				575C57791E69155D0032CA48 /* Stickers.xcstickers in Resources */,
			);
			runOnlyForDeploymentPostprocessing = 0;
		};
		575C57711E69155D0032CA48 /* Resources */ = {
			isa = PBXResourcesBuildPhase;
			buildActionMask = 2147483647;
			files = (
				575C57781E69155D0032CA48 /* Stickers.xcstickers in Resources */,
			);
			runOnlyForDeploymentPostprocessing = 0;
		};
/* End PBXResourcesBuildPhase section */

/* Begin PBXTargetDependency section */
		575C57761E69155D0032CA48 /* PBXTargetDependency */ = {
			isa = PBXTargetDependency;
			target = 575C57721E69155D0032CA48 /* StickerPackExtension */;
			targetProxy = 575C57751E69155D0032CA48 /* PBXContainerItemProxy */;
		};
/* End PBXTargetDependency section */

/* Begin XCBuildConfiguration section */
		575C577A1E69155D0032CA48 /* Debug */ = {
			isa = XCBuildConfiguration;
			buildSettings = {
				ALWAYS_SEARCH_USER_PATHS = NO;
				CLANG_ANALYZER_NONNULL = YES;
				CLANG_CXX_LANGUAGE_STANDARD = "gnu++0x";
				CLANG_CXX_LIBRARY = "libc++";
				CLANG_ENABLE_MODULES = YES;
				CLANG_ENABLE_OBJC_ARC = YES;
				CLANG_WARN_BOOL_CONVERSION = YES;
				CLANG_WARN_CONSTANT_CONVERSION = YES;
				CLANG_WARN_DIRECT_OBJC_ISA_USAGE = YES_ERROR;
				CLANG_WARN_DOCUMENTATION_COMMENTS = YES;
				CLANG_WARN_EMPTY_BODY = YES;
				CLANG_WARN_ENUM_CONVERSION = YES;
				CLANG_WARN_INFINITE_RECURSION = YES;
				CLANG_WARN_INT_CONVERSION = YES;
				CLANG_WARN_OBJC_ROOT_CLASS = YES_ERROR;
				CLANG_WARN_SUSPICIOUS_MOVE = YES;
				CLANG_WARN_UNREACHABLE_CODE = YES;
				CLANG_WARN__DUPLICATE_METHOD_MATCH = YES;
				"CODE_SIGN_IDENTITY[sdk=iphoneos*]" = "iPhone Developer";
				COPY_PHASE_STRIP = NO;
				DEBUG_INFORMATION_FORMAT = dwarf;
				ENABLE_STRICT_OBJC_MSGSEND = YES;
				ENABLE_TESTABILITY = YES;
				GCC_C_LANGUAGE_STANDARD = gnu99;
				GCC_DYNAMIC_NO_PIC = NO;
				GCC_NO_COMMON_BLOCKS = YES;
				GCC_OPTIMIZATION_LEVEL = 0;
				GCC_PREPROCESSOR_DEFINITIONS = (
					"DEBUG=1",
					"$(inherited)",
				);
				GCC_WARN_64_TO_32_BIT_CONVERSION = YES;
				GCC_WARN_ABOUT_RETURN_TYPE = YES_ERROR;
				GCC_WARN_UNDECLARED_SELECTOR = YES;
				GCC_WARN_UNINITIALIZED_AUTOS = YES_AGGRESSIVE;
				GCC_WARN_UNUSED_FUNCTION = YES;
				GCC_WARN_UNUSED_VARIABLE = YES;
				IPHONEOS_DEPLOYMENT_TARGET = 10.2;
				MTL_ENABLE_DEBUG_INFO = YES;
				ONLY_ACTIVE_ARCH = YES;
				SDKROOT = iphoneos;
				TARGETED_DEVICE_FAMILY = "1,2";
			};
			name = Debug;
		};
		575C577B1E69155D0032CA48 /* Release */ = {
			isa = XCBuildConfiguration;
			buildSettings = {
				ALWAYS_SEARCH_USER_PATHS = NO;
				CLANG_ANALYZER_NONNULL = YES;
				CLANG_CXX_LANGUAGE_STANDARD = "gnu++0x";
				CLANG_CXX_LIBRARY = "libc++";
				CLANG_ENABLE_MODULES = YES;
				CLANG_ENABLE_OBJC_ARC = YES;
				CLANG_WARN_BOOL_CONVERSION = YES;
				CLANG_WARN_CONSTANT_CONVERSION = YES;
				CLANG_WARN_DIRECT_OBJC_ISA_USAGE = YES_ERROR;
				CLANG_WARN_DOCUMENTATION_COMMENTS = YES;
				CLANG_WARN_EMPTY_BODY = YES;
				CLANG_WARN_ENUM_CONVERSION = YES;
				CLANG_WARN_INFINITE_RECURSION = YES;
				CLANG_WARN_INT_CONVERSION = YES;
				CLANG_WARN_OBJC_ROOT_CLASS = YES_ERROR;
				CLANG_WARN_SUSPICIOUS_MOVE = YES;
				CLANG_WARN_UNREACHABLE_CODE = YES;
				CLANG_WARN__DUPLICATE_METHOD_MATCH = YES;
				"CODE_SIGN_IDENTITY[sdk=iphoneos*]" = "iPhone Developer";
				COPY_PHASE_STRIP = NO;
				DEBUG_INFORMATION_FORMAT = "dwarf-with-dsym";
				ENABLE_NS_ASSERTIONS = NO;
				ENABLE_STRICT_OBJC_MSGSEND = YES;
				GCC_C_LANGUAGE_STANDARD = gnu99;
				GCC_NO_COMMON_BLOCKS = YES;
				GCC_WARN_64_TO_32_BIT_CONVERSION = YES;
				GCC_WARN_ABOUT_RETURN_TYPE = YES_ERROR;
				GCC_WARN_UNDECLARED_SELECTOR = YES;
				GCC_WARN_UNINITIALIZED_AUTOS = YES_AGGRESSIVE;
				GCC_WARN_UNUSED_FUNCTION = YES;
				GCC_WARN_UNUSED_VARIABLE = YES;
				IPHONEOS_DEPLOYMENT_TARGET = 10.2;
				MTL_ENABLE_DEBUG_INFO = NO;
				SDKROOT = iphoneos;
				TARGETED_DEVICE_FAMILY = "1,2";
				VALIDATE_PRODUCT = YES;
			};
			name = Release;
		};
		575C577D1E69155D0032CA48 /* Debug */ = {
			isa = XCBuildConfiguration;
			buildSettings = {
				ASSETCATALOG_COMPILER_APPICON_NAME = "iMessage App Icon";
				DEVELOPMENT_TEAM = U6J9N2F6E2;
				INFOPLIST_FILE = StickerPackExtension/Info.plist;
				PRODUCT_BUNDLE_IDENTIFIER = com.danpatey.AnaSolStickerPack.StickerPackExtension;
				PRODUCT_NAME = "$(TARGET_NAME)";
				SKIP_INSTALL = YES;
			};
			name = Debug;
		};
		575C577E1E69155D0032CA48 /* Release */ = {
			isa = XCBuildConfiguration;
			buildSettings = {
				ASSETCATALOG_COMPILER_APPICON_NAME = "iMessage App Icon";
				DEVELOPMENT_TEAM = U6J9N2F6E2;
				INFOPLIST_FILE = StickerPackExtension/Info.plist;
				PRODUCT_BUNDLE_IDENTIFIER = com.danpatey.AnaSolStickerPack.StickerPackExtension;
				PRODUCT_NAME = "$(TARGET_NAME)";
				SKIP_INSTALL = YES;
			};
			name = Release;
		};
		575C57811E69155D0032CA48 /* Debug */ = {
			isa = XCBuildConfiguration;
			buildSettings = {
				ASSETCATALOG_COMPILER_APPICON_NAME = "iMessage App Icon";
				DEVELOPMENT_TEAM = U6J9N2F6E2;
				INFOPLIST_FILE = AnaSolStickerPack/Info.plist;
				PRODUCT_BUNDLE_IDENTIFIER = com.danpatey.AnaSolStickerPack;
				PRODUCT_NAME = "$(TARGET_NAME)";
			};
			name = Debug;
		};
		575C57821E69155D0032CA48 /* Release */ = {
			isa = XCBuildConfiguration;
			buildSettings = {
				ASSETCATALOG_COMPILER_APPICON_NAME = "iMessage App Icon";
				DEVELOPMENT_TEAM = U6J9N2F6E2;
				INFOPLIST_FILE = AnaSolStickerPack/Info.plist;
				PRODUCT_BUNDLE_IDENTIFIER = com.danpatey.AnaSolStickerPack;
				PRODUCT_NAME = "$(TARGET_NAME)";
			};
			name = Release;
		};
/* End XCBuildConfiguration section */

/* Begin XCConfigurationList section */
		575C576C1E69155C0032CA48 /* Build configuration list for PBXProject "AnaSolStickerPack" */ = {
			isa = XCConfigurationList;
			buildConfigurations = (
				575C577A1E69155D0032CA48 /* Debug */,
				575C577B1E69155D0032CA48 /* Release */,
			);
			defaultConfigurationIsVisible = 0;
			defaultConfigurationName = Release;
		};
		575C577C1E69155D0032CA48 /* Build configuration list for PBXNativeTarget "StickerPackExtension" */ = {
			isa = XCConfigurationList;
			buildConfigurations = (
				575C577D1E69155D0032CA48 /* Debug */,
				575C577E1E69155D0032CA48 /* Release */,
			);
			defaultConfigurationIsVisible = 0;
		};
		575C57801E69155D0032CA48 /* Build configuration list for PBXNativeTarget "AnaSolStickerPack" */ = {
			isa = XCConfigurationList;
			buildConfigurations = (
				575C57811E69155D0032CA48 /* Debug */,
				575C57821E69155D0032CA48 /* Release */,
			);
			defaultConfigurationIsVisible = 0;
		};
/* End XCConfigurationList section */
	};
	rootObject = 575C57691E69155C0032CA48 /* Project object */;
}
